
Microsoft Visual Studio Solution File, Format Version 12.00
# Visual Studio Version 17
VisualStudioVersion = 17.3.32929.385
MinimumVisualStudioVersion = 10.0.40219.1
Project("{FAE04EC0-301F-11D3-BF4B-00C04F79EFBC}") = "Flash_locker", "Flash_locker\Flash_locker.csproj", "{4C2475D4-0449-4096-908E-8A39F9E90677}"
EndProject
Project("{2150E333-8FDC-42A3-9474-1A3956D46DE8}") = "Solution Items", "Solution Items", "{FBDFE6CB-115B-4EED-B3ED-39C41852ED94}"
EndProject
Global
	GlobalSection(SolutionConfigurationPlatforms) = preSolution
		Debug|Any CPU = Debug|Any CPU
		Release|Any CPU = Release|Any CPU
	EndGlobalSection
	GlobalSection(ProjectConfigurationPlatforms) = postSolution
		{4C2475D4-0449-4096-908E-8A39F9E90677}.Debug|Any CPU.ActiveCfg = Debug|Any CPU
		{4C2475D4-0449-4096-908E-8A39F9E90677}.Debug|Any CPU.Build.0 = Debug|Any CPU
		{4C2475D4-0449-4096-908E-8A39F9E90677}.Release|Any CPU.ActiveCfg = Release|Any CPU
		{4C2475D4-0449-4096-908E-8A39F9E90677}.Release|Any CPU.Build.0 = Release|Any CPU
	EndGlobalSection
	GlobalSection(SolutionProperties) = preSolution
		HideSolutionNode = FALSE
	EndGlobalSection
	GlobalSection(ExtensibilityGlobals) = postSolution
		SolutionGuid = {BB356786-26B8-4B5B-8EAD-34EC13C24FDB}
	EndGlobalSection
EndGlobal
